// !$*UTF8*$!
{
	archiveVersion = 1;
	classes = {
	};
	objectVersion = 50;
	objects = {

/* Begin PBXBuildFile section */
		3DD2ED162163CEF400F466D5 /* Protocols.swift in Sources */ = {isa = PBXBuildFile; fileRef = 3DD2ECEA2163CEF400F466D5 /* Protocols.swift */; };
		3DD2ED172163CEF400F466D5 /* DatabaseManager.swift in Sources */ = {isa = PBXBuildFile; fileRef = 3DD2ECEB2163CEF400F466D5 /* DatabaseManager.swift */; };
		3DD2ED182163CEF400F466D5 /* MessageMetadata.swift in Sources */ = {isa = PBXBuildFile; fileRef = 3DD2ECEF2163CEF400F466D5 /* MessageMetadata.swift */; };
		3DD2ED192163CEF400F466D5 /* Chat.swift in Sources */ = {isa = PBXBuildFile; fileRef = 3DD2ECF12163CEF400F466D5 /* Chat.swift */; };
		3DD2ED1A2163CEF400F466D5 /* Message.swift in Sources */ = {isa = PBXBuildFile; fileRef = 3DD2ECF22163CEF400F466D5 /* Message.swift */; };
		3DD2ED1B2163CEF400F466D5 /* UserProfile.swift in Sources */ = {isa = PBXBuildFile; fileRef = 3DD2ECF32163CEF400F466D5 /* UserProfile.swift */; };
		3DD2ED1C2163CEF400F466D5 /* ThreadSafeArray.swift in Sources */ = {isa = PBXBuildFile; fileRef = 3DD2ECF42163CEF400F466D5 /* ThreadSafeArray.swift */; };
		3DD2ED202163CEF400F466D5 /* Extensions.swift in Sources */ = {isa = PBXBuildFile; fileRef = 3DD2ECFB2163CEF400F466D5 /* Extensions.swift */; };
		3DD2ED212163CEF400F466D5 /* AppDelegate.swift in Sources */ = {isa = PBXBuildFile; fileRef = 3DD2ECFC2163CEF400F466D5 /* AppDelegate.swift */; };
		3DD2ED252163CEF400F466D5 /* SettingsController.swift in Sources */ = {isa = PBXBuildFile; fileRef = 3DD2ED032163CEF400F466D5 /* SettingsController.swift */; };
		3DD2ED262163CEF400F466D5 /* CurrentChatController.swift in Sources */ = {isa = PBXBuildFile; fileRef = 3DD2ED052163CEF400F466D5 /* CurrentChatController.swift */; };
		3DD2ED272163CEF400F466D5 /* UserChatsController.swift in Sources */ = {isa = PBXBuildFile; fileRef = 3DD2ED072163CEF400F466D5 /* UserChatsController.swift */; };
		3DD2ED282163CEF400F466D5 /* LoginViewController.swift in Sources */ = {isa = PBXBuildFile; fileRef = 3DD2ED092163CEF400F466D5 /* LoginViewController.swift */; };
		3DD2ED292163CEF400F466D5 /* SettingsView.swift in Sources */ = {isa = PBXBuildFile; fileRef = 3DD2ED0C2163CEF400F466D5 /* SettingsView.swift */; };
		3DD2ED2A2163CEF400F466D5 /* KeyboardView.swift in Sources */ = {isa = PBXBuildFile; fileRef = 3DD2ED0E2163CEF400F466D5 /* KeyboardView.swift */; };
		3DD2ED2B2163CEF400F466D5 /* MessageBubbleCell.swift in Sources */ = {isa = PBXBuildFile; fileRef = 3DD2ED0F2163CEF400F466D5 /* MessageBubbleCell.swift */; };
		3DD2ED2C2163CEF400F466D5 /* ChatTableViewCell.swift in Sources */ = {isa = PBXBuildFile; fileRef = 3DD2ED112163CEF400F466D5 /* ChatTableViewCell.swift */; };
		3DD2ED2D2163CEF400F466D5 /* SearchBar.swift in Sources */ = {isa = PBXBuildFile; fileRef = 3DD2ED122163CEF400F466D5 /* SearchBar.swift */; };
		3DD2ED2E2163CEF400F466D5 /* ChatsView.swift in Sources */ = {isa = PBXBuildFile; fileRef = 3DD2ED132163CEF400F466D5 /* ChatsView.swift */; };
		3DD2ED2F2163CEF400F466D5 /* LoginView.swift in Sources */ = {isa = PBXBuildFile; fileRef = 3DD2ED152163CEF400F466D5 /* LoginView.swift */; };
		3DD2ED312164E3FC00F466D5 /* GoogleService-Info.plist in Resources */ = {isa = PBXBuildFile; fileRef = 3DD2ED302164E3FC00F466D5 /* GoogleService-Info.plist */; };
		3DD2ED322164E48800F466D5 /* OpenSans-Bold.ttf in Resources */ = {isa = PBXBuildFile; fileRef = 3DD2ECFE2163CEF400F466D5 /* OpenSans-Bold.ttf */; };
		3DD2ED332164E48B00F466D5 /* OpenSans-Regular.ttf in Resources */ = {isa = PBXBuildFile; fileRef = 3DD2ECFF2163CEF400F466D5 /* OpenSans-Regular.ttf */; };
		3DD2ED342164E4BF00F466D5 /* Assets.xcassets in Resources */ = {isa = PBXBuildFile; fileRef = 3DD2ECF72163CEF400F466D5 /* Assets.xcassets */; };
		BFC3F9052C9E97A2362278DD /* Pods_KechingramMessenger.framework in Frameworks */ = {isa = PBXBuildFile; fileRef = 05D53E14E921167706A4CB52 /* Pods_KechingramMessenger.framework */; };
/* End PBXBuildFile section */

/* Begin PBXFileReference section */
		05D53E14E921167706A4CB52 /* Pods_KechingramMessenger.framework */ = {isa = PBXFileReference; explicitFileType = wrapper.framework; includeInIndex = 0; path = Pods_KechingramMessenger.framework; sourceTree = BUILT_PRODUCTS_DIR; };
		201A78AE978059B3498E8632 /* Pods-KechingramMessenger.debug.xcconfig */ = {isa = PBXFileReference; includeInIndex = 1; lastKnownFileType = text.xcconfig; name = "Pods-KechingramMessenger.debug.xcconfig"; path = "Pods/Target Support Files/Pods-KechingramMessenger/Pods-KechingramMessenger.debug.xcconfig"; sourceTree = "<group>"; };
		3DD0A65420DF99E700D9D18E /* KechingramMessenger.app */ = {isa = PBXFileReference; explicitFileType = wrapper.application; includeInIndex = 0; path = KechingramMessenger.app; sourceTree = BUILT_PRODUCTS_DIR; };
		3DD2ECEA2163CEF400F466D5 /* Protocols.swift */ = {isa = PBXFileReference; fileEncoding = 4; lastKnownFileType = sourcecode.swift; path = Protocols.swift; sourceTree = "<group>"; };
		3DD2ECEB2163CEF400F466D5 /* DatabaseManager.swift */ = {isa = PBXFileReference; fileEncoding = 4; lastKnownFileType = sourcecode.swift; path = DatabaseManager.swift; sourceTree = "<group>"; };
		3DD2ECEF2163CEF400F466D5 /* MessageMetadata.swift */ = {isa = PBXFileReference; fileEncoding = 4; lastKnownFileType = sourcecode.swift; path = MessageMetadata.swift; sourceTree = "<group>"; };
		3DD2ECF12163CEF400F466D5 /* Chat.swift */ = {isa = PBXFileReference; fileEncoding = 4; lastKnownFileType = sourcecode.swift; path = Chat.swift; sourceTree = "<group>"; };
		3DD2ECF22163CEF400F466D5 /* Message.swift */ = {isa = PBXFileReference; fileEncoding = 4; lastKnownFileType = sourcecode.swift; path = Message.swift; sourceTree = "<group>"; };
		3DD2ECF32163CEF400F466D5 /* UserProfile.swift */ = {isa = PBXFileReference; fileEncoding = 4; lastKnownFileType = sourcecode.swift; path = UserProfile.swift; sourceTree = "<group>"; };
		3DD2ECF42163CEF400F466D5 /* ThreadSafeArray.swift */ = {isa = PBXFileReference; fileEncoding = 4; lastKnownFileType = sourcecode.swift; path = ThreadSafeArray.swift; sourceTree = "<group>"; };
		3DD2ECF72163CEF400F466D5 /* Assets.xcassets */ = {isa = PBXFileReference; lastKnownFileType = folder.assetcatalog; path = Assets.xcassets; sourceTree = "<group>"; };
		3DD2ECFA2163CEF400F466D5 /* Base */ = {isa = PBXFileReference; lastKnownFileType = file.storyboard; name = Base; path = Base.lproj/LaunchScreen.storyboard; sourceTree = "<group>"; };
		3DD2ECFB2163CEF400F466D5 /* Extensions.swift */ = {isa = PBXFileReference; fileEncoding = 4; lastKnownFileType = sourcecode.swift; path = Extensions.swift; sourceTree = "<group>"; };
		3DD2ECFC2163CEF400F466D5 /* AppDelegate.swift */ = {isa = PBXFileReference; fileEncoding = 4; lastKnownFileType = sourcecode.swift; path = AppDelegate.swift; sourceTree = "<group>"; };
		3DD2ECFE2163CEF400F466D5 /* OpenSans-Bold.ttf */ = {isa = PBXFileReference; lastKnownFileType = file; path = "OpenSans-Bold.ttf"; sourceTree = "<group>"; };
		3DD2ECFF2163CEF400F466D5 /* OpenSans-Regular.ttf */ = {isa = PBXFileReference; lastKnownFileType = file; path = "OpenSans-Regular.ttf"; sourceTree = "<group>"; };
		3DD2ED002163CEF400F466D5 /* Info.plist */ = {isa = PBXFileReference; fileEncoding = 4; lastKnownFileType = text.plist.xml; path = Info.plist; sourceTree = "<group>"; };
		3DD2ED032163CEF400F466D5 /* SettingsController.swift */ = {isa = PBXFileReference; fileEncoding = 4; lastKnownFileType = sourcecode.swift; path = SettingsController.swift; sourceTree = "<group>"; };
		3DD2ED052163CEF400F466D5 /* CurrentChatController.swift */ = {isa = PBXFileReference; fileEncoding = 4; lastKnownFileType = sourcecode.swift; path = CurrentChatController.swift; sourceTree = "<group>"; };
		3DD2ED072163CEF400F466D5 /* UserChatsController.swift */ = {isa = PBXFileReference; fileEncoding = 4; lastKnownFileType = sourcecode.swift; path = UserChatsController.swift; sourceTree = "<group>"; };
		3DD2ED092163CEF400F466D5 /* LoginViewController.swift */ = {isa = PBXFileReference; fileEncoding = 4; lastKnownFileType = sourcecode.swift; path = LoginViewController.swift; sourceTree = "<group>"; };
		3DD2ED0C2163CEF400F466D5 /* SettingsView.swift */ = {isa = PBXFileReference; fileEncoding = 4; lastKnownFileType = sourcecode.swift; path = SettingsView.swift; sourceTree = "<group>"; };
		3DD2ED0E2163CEF400F466D5 /* KeyboardView.swift */ = {isa = PBXFileReference; fileEncoding = 4; lastKnownFileType = sourcecode.swift; path = KeyboardView.swift; sourceTree = "<group>"; };
		3DD2ED0F2163CEF400F466D5 /* MessageBubbleCell.swift */ = {isa = PBXFileReference; fileEncoding = 4; lastKnownFileType = sourcecode.swift; path = MessageBubbleCell.swift; sourceTree = "<group>"; };
		3DD2ED112163CEF400F466D5 /* ChatTableViewCell.swift */ = {isa = PBXFileReference; fileEncoding = 4; lastKnownFileType = sourcecode.swift; path = ChatTableViewCell.swift; sourceTree = "<group>"; };
		3DD2ED122163CEF400F466D5 /* SearchBar.swift */ = {isa = PBXFileReference; fileEncoding = 4; lastKnownFileType = sourcecode.swift; path = SearchBar.swift; sourceTree = "<group>"; };
		3DD2ED132163CEF400F466D5 /* ChatsView.swift */ = {isa = PBXFileReference; fileEncoding = 4; lastKnownFileType = sourcecode.swift; path = ChatsView.swift; sourceTree = "<group>"; };
		3DD2ED152163CEF400F466D5 /* LoginView.swift */ = {isa = PBXFileReference; fileEncoding = 4; lastKnownFileType = sourcecode.swift; path = LoginView.swift; sourceTree = "<group>"; };
		3DD2ED302164E3FC00F466D5 /* GoogleService-Info.plist */ = {isa = PBXFileReference; fileEncoding = 4; lastKnownFileType = text.plist.xml; path = "GoogleService-Info.plist"; sourceTree = "<group>"; };
		EA72BA30E4F9EC39E663510B /* Pods-KechingramMessenger.release.xcconfig */ = {isa = PBXFileReference; includeInIndex = 1; lastKnownFileType = text.xcconfig; name = "Pods-KechingramMessenger.release.xcconfig"; path = "Pods/Target Support Files/Pods-KechingramMessenger/Pods-KechingramMessenger.release.xcconfig"; sourceTree = "<group>"; };
/* End PBXFileReference section */

/* Begin PBXFrameworksBuildPhase section */
		3DD0A65120DF99E700D9D18E /* Frameworks */ = {
			isa = PBXFrameworksBuildPhase;
			buildActionMask = 2147483647;
			files = (
				BFC3F9052C9E97A2362278DD /* Pods_KechingramMessenger.framework in Frameworks */,
			);
			runOnlyForDeploymentPostprocessing = 0;
		};
/* End PBXFrameworksBuildPhase section */

/* Begin PBXGroup section */
		3DD0A64B20DF99E700D9D18E = {
			isa = PBXGroup;
			children = (
				3DD2ECE82163CEF400F466D5 /* KechingramMessenger */,
				3DD0A65520DF99E700D9D18E /* Products */,
				73AB7D489FD8A599E119197F /* Pods */,
				4B7304E3649431079840939A /* Frameworks */,
			);
			sourceTree = "<group>";
		};
		3DD0A65520DF99E700D9D18E /* Products */ = {
			isa = PBXGroup;
			children = (
				3DD0A65420DF99E700D9D18E /* KechingramMessenger.app */,
			);
			name = Products;
			sourceTree = "<group>";
		};
		3DD2ECE82163CEF400F466D5 /* KechingramMessenger */ = {
			isa = PBXGroup;
			children = (
				3DD2ECE92163CEF400F466D5 /* Network */,
				3DD2ECEC2163CEF400F466D5 /* Models */,
				3DD2ECF62163CEF400F466D5 /* Support */,
				3DD2ED012163CEF400F466D5 /* Controllers */,
				3DD2ED0A2163CEF400F466D5 /* Views */,
			);
			path = KechingramMessenger;
			sourceTree = "<group>";
		};
		3DD2ECE92163CEF400F466D5 /* Network */ = {
			isa = PBXGroup;
			children = (
				3DD2ECEA2163CEF400F466D5 /* Protocols.swift */,
				3DD2ECEB2163CEF400F466D5 /* DatabaseManager.swift */,
			);
			path = Network;
			sourceTree = "<group>";
		};
		3DD2ECEC2163CEF400F466D5 /* Models */ = {
			isa = PBXGroup;
			children = (
				3DD2ECED2163CEF400F466D5 /* Settings */,
				3DD2ECEE2163CEF400F466D5 /* CurrentChat */,
				3DD2ECF02163CEF400F466D5 /* UserChats */,
				3DD2ECF52163CEF400F466D5 /* Login */,
			);
			path = Models;
			sourceTree = "<group>";
		};
		3DD2ECED2163CEF400F466D5 /* Settings */ = {
			isa = PBXGroup;
			children = (
			);
			path = Settings;
			sourceTree = "<group>";
		};
		3DD2ECEE2163CEF400F466D5 /* CurrentChat */ = {
			isa = PBXGroup;
			children = (
				3DD2ECEF2163CEF400F466D5 /* MessageMetadata.swift */,
			);
			path = CurrentChat;
			sourceTree = "<group>";
		};
		3DD2ECF02163CEF400F466D5 /* UserChats */ = {
			isa = PBXGroup;
			children = (
				3DD2ECF12163CEF400F466D5 /* Chat.swift */,
				3DD2ECF22163CEF400F466D5 /* Message.swift */,
				3DD2ECF32163CEF400F466D5 /* UserProfile.swift */,
				3DD2ECF42163CEF400F466D5 /* ThreadSafeArray.swift */,
			);
			path = UserChats;
			sourceTree = "<group>";
		};
		3DD2ECF52163CEF400F466D5 /* Login */ = {
			isa = PBXGroup;
			children = (
			);
			path = Login;
			sourceTree = "<group>";
		};
		3DD2ECF62163CEF400F466D5 /* Support */ = {
			isa = PBXGroup;
			children = (
				3DD2ED302164E3FC00F466D5 /* GoogleService-Info.plist */,
				3DD2ECF72163CEF400F466D5 /* Assets.xcassets */,
				3DD2ECF92163CEF400F466D5 /* LaunchScreen.storyboard */,
				3DD2ECFB2163CEF400F466D5 /* Extensions.swift */,
				3DD2ECFC2163CEF400F466D5 /* AppDelegate.swift */,
				3DD2ECFD2163CEF400F466D5 /* Fonts */,
				3DD2ED002163CEF400F466D5 /* Info.plist */,
			);
			path = Support;
			sourceTree = "<group>";
		};
		3DD2ECFD2163CEF400F466D5 /* Fonts */ = {
			isa = PBXGroup;
			children = (
				3DD2ECFE2163CEF400F466D5 /* OpenSans-Bold.ttf */,
				3DD2ECFF2163CEF400F466D5 /* OpenSans-Regular.ttf */,
			);
			path = Fonts;
			sourceTree = "<group>";
		};
		3DD2ED012163CEF400F466D5 /* Controllers */ = {
			isa = PBXGroup;
			children = (
				3DD2ED022163CEF400F466D5 /* Settings */,
				3DD2ED042163CEF400F466D5 /* CurrentChat */,
				3DD2ED062163CEF400F466D5 /* UserChats */,
				3DD2ED082163CEF400F466D5 /* Login */,
			);
			path = Controllers;
			sourceTree = "<group>";
		};
		3DD2ED022163CEF400F466D5 /* Settings */ = {
			isa = PBXGroup;
			children = (
				3DD2ED032163CEF400F466D5 /* SettingsController.swift */,
			);
			path = Settings;
			sourceTree = "<group>";
		};
		3DD2ED042163CEF400F466D5 /* CurrentChat */ = {
			isa = PBXGroup;
			children = (
				3DD2ED052163CEF400F466D5 /* CurrentChatController.swift */,
			);
			path = CurrentChat;
			sourceTree = "<group>";
		};
		3DD2ED062163CEF400F466D5 /* UserChats */ = {
			isa = PBXGroup;
			children = (
				3DD2ED072163CEF400F466D5 /* UserChatsController.swift */,
			);
			path = UserChats;
			sourceTree = "<group>";
		};
		3DD2ED082163CEF400F466D5 /* Login */ = {
			isa = PBXGroup;
			children = (
				3DD2ED092163CEF400F466D5 /* LoginViewController.swift */,
			);
			path = Login;
			sourceTree = "<group>";
		};
		3DD2ED0A2163CEF400F466D5 /* Views */ = {
			isa = PBXGroup;
			children = (
				3DD2ED0B2163CEF400F466D5 /* Settings */,
				3DD2ED0D2163CEF400F466D5 /* CurrentChat */,
				3DD2ED102163CEF400F466D5 /* UserChats */,
				3DD2ED142163CEF400F466D5 /* Login */,
			);
			path = Views;
			sourceTree = "<group>";
		};
		3DD2ED0B2163CEF400F466D5 /* Settings */ = {
			isa = PBXGroup;
			children = (
				3DD2ED0C2163CEF400F466D5 /* SettingsView.swift */,
			);
			path = Settings;
			sourceTree = "<group>";
		};
		3DD2ED0D2163CEF400F466D5 /* CurrentChat */ = {
			isa = PBXGroup;
			children = (
				3DD2ED0E2163CEF400F466D5 /* KeyboardView.swift */,
				3DD2ED0F2163CEF400F466D5 /* MessageBubbleCell.swift */,
			);
			path = CurrentChat;
			sourceTree = "<group>";
		};
		3DD2ED102163CEF400F466D5 /* UserChats */ = {
			isa = PBXGroup;
			children = (
				3DD2ED112163CEF400F466D5 /* ChatTableViewCell.swift */,
				3DD2ED122163CEF400F466D5 /* SearchBar.swift */,
				3DD2ED132163CEF400F466D5 /* ChatsView.swift */,
			);
			path = UserChats;
			sourceTree = "<group>";
		};
		3DD2ED142163CEF400F466D5 /* Login */ = {
			isa = PBXGroup;
			children = (
				3DD2ED152163CEF400F466D5 /* LoginView.swift */,
			);
			path = Login;
			sourceTree = "<group>";
		};
		4B7304E3649431079840939A /* Frameworks */ = {
			isa = PBXGroup;
			children = (
				05D53E14E921167706A4CB52 /* Pods_KechingramMessenger.framework */,
			);
			name = Frameworks;
			sourceTree = "<group>";
		};
		73AB7D489FD8A599E119197F /* Pods */ = {
			isa = PBXGroup;
			children = (
				201A78AE978059B3498E8632 /* Pods-KechingramMessenger.debug.xcconfig */,
				EA72BA30E4F9EC39E663510B /* Pods-KechingramMessenger.release.xcconfig */,
			);
			name = Pods;
			sourceTree = "<group>";
		};
/* End PBXGroup section */

/* Begin PBXNativeTarget section */
		3DD0A65320DF99E700D9D18E /* KechingramMessenger */ = {
			isa = PBXNativeTarget;
			buildConfigurationList = 3DD0A66620DF99E800D9D18E /* Build configuration list for PBXNativeTarget "KechingramMessenger" */;
			buildPhases = (
				19D4BA9C3233ED9F293D0B62 /* [CP] Check Pods Manifest.lock */,
				3DD0A65020DF99E700D9D18E /* Sources */,
				3DD0A65120DF99E700D9D18E /* Frameworks */,
				3DD0A65220DF99E700D9D18E /* Resources */,
				42963AE3BE98D9C0FE18C389 /* [CP] Embed Pods Frameworks */,
				4DC964E82128700F696FF8DC /* [CP] Copy Pods Resources */,
			);
			buildRules = (
			);
			dependencies = (
			);
			name = KechingramMessenger;
			productName = KechingramMessenger;
			productReference = 3DD0A65420DF99E700D9D18E /* KechingramMessenger.app */;
			productType = "com.apple.product-type.application";
		};
/* End PBXNativeTarget section */

/* Begin PBXProject section */
		3DD0A64C20DF99E700D9D18E /* Project object */ = {
			isa = PBXProject;
			attributes = {
				LastSwiftUpdateCheck = 0930;
				LastUpgradeCheck = 0930;
				ORGANIZATIONNAME = "Nikita Kechinov";
				TargetAttributes = {
					3DD0A65320DF99E700D9D18E = {
						CreatedOnToolsVersion = 9.3;
					};
				};
			};
			buildConfigurationList = 3DD0A64F20DF99E700D9D18E /* Build configuration list for PBXProject "KechingramMessenger" */;
			compatibilityVersion = "Xcode 9.3";
			developmentRegion = en;
			hasScannedForEncodings = 0;
			knownRegions = (
				en,
				Base,
			);
			mainGroup = 3DD0A64B20DF99E700D9D18E;
			productRefGroup = 3DD0A65520DF99E700D9D18E /* Products */;
			projectDirPath = "";
			projectRoot = "";
			targets = (
				3DD0A65320DF99E700D9D18E /* KechingramMessenger */,
			);
		};
/* End PBXProject section */

/* Begin PBXResourcesBuildPhase section */
		3DD0A65220DF99E700D9D18E /* Resources */ = {
			isa = PBXResourcesBuildPhase;
			buildActionMask = 2147483647;
			files = (
				3DD2ED322164E48800F466D5 /* OpenSans-Bold.ttf in Resources */,
				3DD2ED332164E48B00F466D5 /* OpenSans-Regular.ttf in Resources */,
				3DD2ED342164E4BF00F466D5 /* Assets.xcassets in Resources */,
				3DD2ED312164E3FC00F466D5 /* GoogleService-Info.plist in Resources */,
			);
			runOnlyForDeploymentPostprocessing = 0;
		};
/* End PBXResourcesBuildPhase section */

/* Begin PBXShellScriptBuildPhase section */
		19D4BA9C3233ED9F293D0B62 /* [CP] Check Pods Manifest.lock */ = {
			isa = PBXShellScriptBuildPhase;
			buildActionMask = 2147483647;
			files = (
			);
			inputPaths = (
				"${PODS_PODFILE_DIR_PATH}/Podfile.lock",
				"${PODS_ROOT}/Manifest.lock",
			);
			name = "[CP] Check Pods Manifest.lock";
			outputPaths = (
				"$(DERIVED_FILE_DIR)/Pods-KechingramMessenger-checkManifestLockResult.txt",
			);
			runOnlyForDeploymentPostprocessing = 0;
			shellPath = /bin/sh;
			shellScript = "diff \"${PODS_PODFILE_DIR_PATH}/Podfile.lock\" \"${PODS_ROOT}/Manifest.lock\" > /dev/null\nif [ $? != 0 ] ; then\n    # print error to STDERR\n    echo \"error: The sandbox is not in sync with the Podfile.lock. Run 'pod install' or update your CocoaPods installation.\" >&2\n    exit 1\nfi\n# This output is used by Xcode 'outputs' to avoid re-running this script phase.\necho \"SUCCESS\" > \"${SCRIPT_OUTPUT_FILE_0}\"\n";
			showEnvVarsInLog = 0;
		};
		42963AE3BE98D9C0FE18C389 /* [CP] Embed Pods Frameworks */ = {
			isa = PBXShellScriptBuildPhase;
			buildActionMask = 2147483647;
			files = (
			);
			inputPaths = (
				"${SRCROOT}/Pods/Target Support Files/Pods-KechingramMessenger/Pods-KechingramMessenger-frameworks.sh",
				"${BUILT_PRODUCTS_DIR}/GTMSessionFetcher/GTMSessionFetcher.framework",
				"${BUILT_PRODUCTS_DIR}/GoogleToolboxForMac/GoogleToolboxForMac.framework",
				"${BUILT_PRODUCTS_DIR}/leveldb-library/leveldb.framework",
				"${BUILT_PRODUCTS_DIR}/nanopb/nanopb.framework",
			);
			name = "[CP] Embed Pods Frameworks";
			outputPaths = (
				"${TARGET_BUILD_DIR}/${FRAMEWORKS_FOLDER_PATH}/GTMSessionFetcher.framework",
				"${TARGET_BUILD_DIR}/${FRAMEWORKS_FOLDER_PATH}/GoogleToolboxForMac.framework",
				"${TARGET_BUILD_DIR}/${FRAMEWORKS_FOLDER_PATH}/leveldb.framework",
				"${TARGET_BUILD_DIR}/${FRAMEWORKS_FOLDER_PATH}/nanopb.framework",
			);
			runOnlyForDeploymentPostprocessing = 0;
			shellPath = /bin/sh;
			shellScript = "\"${SRCROOT}/Pods/Target Support Files/Pods-KechingramMessenger/Pods-KechingramMessenger-frameworks.sh\"\n";
			showEnvVarsInLog = 0;
		};
		4DC964E82128700F696FF8DC /* [CP] Copy Pods Resources */ = {
			isa = PBXShellScriptBuildPhase;
			buildActionMask = 2147483647;
			files = (
			);
			inputPaths = (
			);
			name = "[CP] Copy Pods Resources";
			outputPaths = (
			);
			runOnlyForDeploymentPostprocessing = 0;
			shellPath = /bin/sh;
			shellScript = "\"${SRCROOT}/Pods/Target Support Files/Pods-KechingramMessenger/Pods-KechingramMessenger-resources.sh\"\n";
			showEnvVarsInLog = 0;
		};
/* End PBXShellScriptBuildPhase section */

/* Begin PBXSourcesBuildPhase section */
		3DD0A65020DF99E700D9D18E /* Sources */ = {
			isa = PBXSourcesBuildPhase;
			buildActionMask = 2147483647;
			files = (
				3DD2ED212163CEF400F466D5 /* AppDelegate.swift in Sources */,
				3DD2ED292163CEF400F466D5 /* SettingsView.swift in Sources */,
				3DD2ED1C2163CEF400F466D5 /* ThreadSafeArray.swift in Sources */,
				3DD2ED2C2163CEF400F466D5 /* ChatTableViewCell.swift in Sources */,
				3DD2ED252163CEF400F466D5 /* SettingsController.swift in Sources */,
				3DD2ED262163CEF400F466D5 /* CurrentChatController.swift in Sources */,
				3DD2ED272163CEF400F466D5 /* UserChatsController.swift in Sources */,
				3DD2ED1A2163CEF400F466D5 /* Message.swift in Sources */,
				3DD2ED2E2163CEF400F466D5 /* ChatsView.swift in Sources */,
				3DD2ED2D2163CEF400F466D5 /* SearchBar.swift in Sources */,
				3DD2ED162163CEF400F466D5 /* Protocols.swift in Sources */,
				3DD2ED182163CEF400F466D5 /* MessageMetadata.swift in Sources */,
				3DD2ED1B2163CEF400F466D5 /* UserProfile.swift in Sources */,
				3DD2ED192163CEF400F466D5 /* Chat.swift in Sources */,
				3DD2ED282163CEF400F466D5 /* LoginViewController.swift in Sources */,
				3DD2ED2A2163CEF400F466D5 /* KeyboardView.swift in Sources */,
				3DD2ED172163CEF400F466D5 /* DatabaseManager.swift in Sources */,
				3DD2ED202163CEF400F466D5 /* Extensions.swift in Sources */,
				3DD2ED2F2163CEF400F466D5 /* LoginView.swift in Sources */,
				3DD2ED2B2163CEF400F466D5 /* MessageBubbleCell.swift in Sources */,
			);
			runOnlyForDeploymentPostprocessing = 0;
		};
/* End PBXSourcesBuildPhase section */

/* Begin PBXVariantGroup section */
		3DD2ECF92163CEF400F466D5 /* LaunchScreen.storyboard */ = {
			isa = PBXVariantGroup;
			children = (
				3DD2ECFA2163CEF400F466D5 /* Base */,
			);
			name = LaunchScreen.storyboard;
			sourceTree = "<group>";
		};
/* End PBXVariantGroup section */

/* Begin XCBuildConfiguration section */
		3DD0A66420DF99E800D9D18E /* Debug */ = {
			isa = XCBuildConfiguration;
			buildSettings = {
				ALWAYS_SEARCH_USER_PATHS = NO;
				CLANG_ANALYZER_NONNULL = YES;
				CLANG_ANALYZER_NUMBER_OBJECT_CONVERSION = YES_AGGRESSIVE;
				CLANG_CXX_LANGUAGE_STANDARD = "gnu++14";
				CLANG_CXX_LIBRARY = "libc++";
				CLANG_ENABLE_MODULES = YES;
				CLANG_ENABLE_OBJC_ARC = YES;
				CLANG_ENABLE_OBJC_WEAK = YES;
				CLANG_WARN_BLOCK_CAPTURE_AUTORELEASING = YES;
				CLANG_WARN_BOOL_CONVERSION = YES;
				CLANG_WARN_COMMA = YES;
				CLANG_WARN_CONSTANT_CONVERSION = YES;
				CLANG_WARN_DEPRECATED_OBJC_IMPLEMENTATIONS = YES;
				CLANG_WARN_DIRECT_OBJC_ISA_USAGE = YES_ERROR;
				CLANG_WARN_DOCUMENTATION_COMMENTS = YES;
				CLANG_WARN_EMPTY_BODY = YES;
				CLANG_WARN_ENUM_CONVERSION = YES;
				CLANG_WARN_INFINITE_RECURSION = YES;
				CLANG_WARN_INT_CONVERSION = YES;
				CLANG_WARN_NON_LITERAL_NULL_CONVERSION = YES;
				CLANG_WARN_OBJC_IMPLICIT_RETAIN_SELF = YES;
				CLANG_WARN_OBJC_LITERAL_CONVERSION = YES;
				CLANG_WARN_OBJC_ROOT_CLASS = YES_ERROR;
				CLANG_WARN_RANGE_LOOP_ANALYSIS = YES;
				CLANG_WARN_STRICT_PROTOTYPES = YES;
				CLANG_WARN_SUSPICIOUS_MOVE = YES;
				CLANG_WARN_UNGUARDED_AVAILABILITY = YES_AGGRESSIVE;
				CLANG_WARN_UNREACHABLE_CODE = YES;
				CLANG_WARN__DUPLICATE_METHOD_MATCH = YES;
				CODE_SIGN_IDENTITY = "iPhone Developer";
				COPY_PHASE_STRIP = NO;
				DEBUG_INFORMATION_FORMAT = dwarf;
				ENABLE_STRICT_OBJC_MSGSEND = YES;
				ENABLE_TESTABILITY = YES;
				GCC_C_LANGUAGE_STANDARD = gnu11;
				GCC_DYNAMIC_NO_PIC = NO;
				GCC_NO_COMMON_BLOCKS = YES;
				GCC_OPTIMIZATION_LEVEL = 0;
				GCC_PREPROCESSOR_DEFINITIONS = (
					"DEBUG=1",
					"$(inherited)",
				);
				GCC_WARN_64_TO_32_BIT_CONVERSION = YES;
				GCC_WARN_ABOUT_RETURN_TYPE = YES_ERROR;
				GCC_WARN_UNDECLARED_SELECTOR = YES;
				GCC_WARN_UNINITIALIZED_AUTOS = YES_AGGRESSIVE;
				GCC_WARN_UNUSED_FUNCTION = YES;
				GCC_WARN_UNUSED_VARIABLE = YES;
				IPHONEOS_DEPLOYMENT_TARGET = 11.3;
				MTL_ENABLE_DEBUG_INFO = YES;
				ONLY_ACTIVE_ARCH = YES;
				SDKROOT = iphoneos;
				SWIFT_ACTIVE_COMPILATION_CONDITIONS = DEBUG;
				SWIFT_OPTIMIZATION_LEVEL = "-Onone";
			};
			name = Debug;
		};
		3DD0A66520DF99E800D9D18E /* Release */ = {
			isa = XCBuildConfiguration;
			buildSettings = {
				ALWAYS_SEARCH_USER_PATHS = NO;
				CLANG_ANALYZER_NONNULL = YES;
				CLANG_ANALYZER_NUMBER_OBJECT_CONVERSION = YES_AGGRESSIVE;
				CLANG_CXX_LANGUAGE_STANDARD = "gnu++14";
				CLANG_CXX_LIBRARY = "libc++";
				CLANG_ENABLE_MODULES = YES;
				CLANG_ENABLE_OBJC_ARC = YES;
				CLANG_ENABLE_OBJC_WEAK = YES;
				CLANG_WARN_BLOCK_CAPTURE_AUTORELEASING = YES;
				CLANG_WARN_BOOL_CONVERSION = YES;
				CLANG_WARN_COMMA = YES;
				CLANG_WARN_CONSTANT_CONVERSION = YES;
				CLANG_WARN_DEPRECATED_OBJC_IMPLEMENTATIONS = YES;
				CLANG_WARN_DIRECT_OBJC_ISA_USAGE = YES_ERROR;
				CLANG_WARN_DOCUMENTATION_COMMENTS = YES;
				CLANG_WARN_EMPTY_BODY = YES;
				CLANG_WARN_ENUM_CONVERSION = YES;
				CLANG_WARN_INFINITE_RECURSION = YES;
				CLANG_WARN_INT_CONVERSION = YES;
				CLANG_WARN_NON_LITERAL_NULL_CONVERSION = YES;
				CLANG_WARN_OBJC_IMPLICIT_RETAIN_SELF = YES;
				CLANG_WARN_OBJC_LITERAL_CONVERSION = YES;
				CLANG_WARN_OBJC_ROOT_CLASS = YES_ERROR;
				CLANG_WARN_RANGE_LOOP_ANALYSIS = YES;
				CLANG_WARN_STRICT_PROTOTYPES = YES;
				CLANG_WARN_SUSPICIOUS_MOVE = YES;
				CLANG_WARN_UNGUARDED_AVAILABILITY = YES_AGGRESSIVE;
				CLANG_WARN_UNREACHABLE_CODE = YES;
				CLANG_WARN__DUPLICATE_METHOD_MATCH = YES;
				CODE_SIGN_IDENTITY = "iPhone Developer";
				COPY_PHASE_STRIP = NO;
				DEBUG_INFORMATION_FORMAT = "dwarf-with-dsym";
				ENABLE_NS_ASSERTIONS = NO;
				ENABLE_STRICT_OBJC_MSGSEND = YES;
				GCC_C_LANGUAGE_STANDARD = gnu11;
				GCC_NO_COMMON_BLOCKS = YES;
				GCC_WARN_64_TO_32_BIT_CONVERSION = YES;
				GCC_WARN_ABOUT_RETURN_TYPE = YES_ERROR;
				GCC_WARN_UNDECLARED_SELECTOR = YES;
				GCC_WARN_UNINITIALIZED_AUTOS = YES_AGGRESSIVE;
				GCC_WARN_UNUSED_FUNCTION = YES;
				GCC_WARN_UNUSED_VARIABLE = YES;
				IPHONEOS_DEPLOYMENT_TARGET = 11.3;
				MTL_ENABLE_DEBUG_INFO = NO;
				SDKROOT = iphoneos;
				SWIFT_COMPILATION_MODE = wholemodule;
				SWIFT_OPTIMIZATION_LEVEL = "-O";
				VALIDATE_PRODUCT = YES;
			};
			name = Release;
		};
		3DD0A66720DF99E800D9D18E /* Debug */ = {
			isa = XCBuildConfiguration;
			baseConfigurationReference = 201A78AE978059B3498E8632 /* Pods-KechingramMessenger.debug.xcconfig */;
			buildSettings = {
				ASSETCATALOG_COMPILER_APPICON_NAME = AppIcon;
				CODE_SIGN_STYLE = Automatic;
				DEVELOPMENT_TEAM = 9QD9Y49583;
				INFOPLIST_FILE = "$(SRCROOT)/KechingramMessenger/Support/Info.plist";
				LD_RUNPATH_SEARCH_PATHS = (
					"$(inherited)",
					"@executable_path/Frameworks",
				);
				PRODUCT_BUNDLE_IDENTIFIER = com.kechin.KechingramMessenger;
				PRODUCT_NAME = "$(TARGET_NAME)";
				SWIFT_VERSION = 4.0;
				TARGETED_DEVICE_FAMILY = "1,2";
			};
			name = Debug;
		};
		3DD0A66820DF99E800D9D18E /* Release */ = {
			isa = XCBuildConfiguration;
			baseConfigurationReference = EA72BA30E4F9EC39E663510B /* Pods-KechingramMessenger.release.xcconfig */;
			buildSettings = {
				ASSETCATALOG_COMPILER_APPICON_NAME = AppIcon;
				CODE_SIGN_STYLE = Automatic;
				DEVELOPMENT_TEAM = 9QD9Y49583;
				INFOPLIST_FILE = "$(SRCROOT)/KechingramMessenger/Support/Info.plist";
				LD_RUNPATH_SEARCH_PATHS = (
					"$(inherited)",
					"@executable_path/Frameworks",
				);
				PRODUCT_BUNDLE_IDENTIFIER = com.kechin.KechingramMessenger;
				PRODUCT_NAME = "$(TARGET_NAME)";
				SWIFT_VERSION = 4.0;
				TARGETED_DEVICE_FAMILY = "1,2";
			};
			name = Release;
		};
/* End XCBuildConfiguration section */

/* Begin XCConfigurationList section */
		3DD0A64F20DF99E700D9D18E /* Build configuration list for PBXProject "KechingramMessenger" */ = {
			isa = XCConfigurationList;
			buildConfigurations = (
				3DD0A66420DF99E800D9D18E /* Debug */,
				3DD0A66520DF99E800D9D18E /* Release */,
			);
			defaultConfigurationIsVisible = 0;
			defaultConfigurationName = Release;
		};
		3DD0A66620DF99E800D9D18E /* Build configuration list for PBXNativeTarget "KechingramMessenger" */ = {
			isa = XCConfigurationList;
			buildConfigurations = (
				3DD0A66720DF99E800D9D18E /* Debug */,
				3DD0A66820DF99E800D9D18E /* Release */,
			);
			defaultConfigurationIsVisible = 0;
			defaultConfigurationName = Release;
		};
/* End XCConfigurationList section */
	};
	rootObject = 3DD0A64C20DF99E700D9D18E /* Project object */;
}
