// !$*UTF8*$!
{
	archiveVersion = 1;
	classes = {
	};
	objectVersion = 50;
	objects = {

/* Begin PBXBuildFile section */
		3D2677FA210356A000A9F368 /* SearchBar.swift in Sources */ = {isa = PBXBuildFile; fileRef = 3D2677F9210356A000A9F368 /* SearchBar.swift */; };
		3D2677FC2104A8A300A9F368 /* SearchResultCell.swift in Sources */ = {isa = PBXBuildFile; fileRef = 3D2677FB2104A8A300A9F368 /* SearchResultCell.swift */; };
		3D2677FE2105CB6A00A9F368 /* ChatsView.swift in Sources */ = {isa = PBXBuildFile; fileRef = 3D2677FD2105CB6A00A9F368 /* ChatsView.swift */; };
		3D3539F020DFA9FD0039A6B2 /* LoginViewController.swift in Sources */ = {isa = PBXBuildFile; fileRef = 3D3539EF20DFA9FD0039A6B2 /* LoginViewController.swift */; };
		3D3539F320DFBF8C0039A6B2 /* LoginView.swift in Sources */ = {isa = PBXBuildFile; fileRef = 3D3539F220DFBF8C0039A6B2 /* LoginView.swift */; };
		3D3539F620E154A20039A6B2 /* OpenSans-Regular.ttf in Resources */ = {isa = PBXBuildFile; fileRef = 3D3539F520E154A20039A6B2 /* OpenSans-Regular.ttf */; };
		3D3539F820E248B60039A6B2 /* GoogleService-Info.plist in Resources */ = {isa = PBXBuildFile; fileRef = 3D3539F720E248B60039A6B2 /* GoogleService-Info.plist */; };
		3D3539FB20E28F5A0039A6B2 /* LoginViewExtensions.swift in Sources */ = {isa = PBXBuildFile; fileRef = 3D3539FA20E28F5A0039A6B2 /* LoginViewExtensions.swift */; };
		3D353A0120E3A6760039A6B2 /* UserChatsController.swift in Sources */ = {isa = PBXBuildFile; fileRef = 3D353A0020E3A6760039A6B2 /* UserChatsController.swift */; };
		3D353A0320E3DD660039A6B2 /* TableViewBackground.swift in Sources */ = {isa = PBXBuildFile; fileRef = 3D353A0220E3DD660039A6B2 /* TableViewBackground.swift */; };
		3D353A0620E3FBC60039A6B2 /* DatabaseManager.swift in Sources */ = {isa = PBXBuildFile; fileRef = 3D353A0520E3FBC60039A6B2 /* DatabaseManager.swift */; };
		3D83934E20FF6F6000FAA1B5 /* MessageBubbleCell.swift in Sources */ = {isa = PBXBuildFile; fileRef = 3D83934D20FF6F6000FAA1B5 /* MessageBubbleCell.swift */; };
		3D8393502100E89500FAA1B5 /* KeyboardView.swift in Sources */ = {isa = PBXBuildFile; fileRef = 3D83934F2100E89500FAA1B5 /* KeyboardView.swift */; };
		3D8A7CA020E52F4300EADDBC /* UserProfile.swift in Sources */ = {isa = PBXBuildFile; fileRef = 3D8A7C9F20E52F4300EADDBC /* UserProfile.swift */; };
		3D8A7CA320E54BED00EADDBC /* ChatTableViewCell.swift in Sources */ = {isa = PBXBuildFile; fileRef = 3D8A7CA220E54BED00EADDBC /* ChatTableViewCell.swift */; };
		3D8A7CA520E54CF900EADDBC /* OpenSans-Bold.ttf in Resources */ = {isa = PBXBuildFile; fileRef = 3D8A7CA420E54CF900EADDBC /* OpenSans-Bold.ttf */; };
		3D8A7CAA20E6267500EADDBC /* CurrentChatController.swift in Sources */ = {isa = PBXBuildFile; fileRef = 3D8A7CA920E6267500EADDBC /* CurrentChatController.swift */; };
		3D8A7CAC20E66AB600EADDBC /* Message.swift in Sources */ = {isa = PBXBuildFile; fileRef = 3D8A7CAB20E66AB600EADDBC /* Message.swift */; };
		3D8A7CB020E8FE5600EADDBC /* Chat.swift in Sources */ = {isa = PBXBuildFile; fileRef = 3D8A7CAF20E8FE5600EADDBC /* Chat.swift */; };
		3DCD16C920FE417700A09CF8 /* ThreadSafeArray.swift in Sources */ = {isa = PBXBuildFile; fileRef = 3DCD16C820FE417700A09CF8 /* ThreadSafeArray.swift */; };
		3DD0A65820DF99E700D9D18E /* AppDelegate.swift in Sources */ = {isa = PBXBuildFile; fileRef = 3DD0A65720DF99E700D9D18E /* AppDelegate.swift */; };
		3DD0A65D20DF99E700D9D18E /* Main.storyboard in Resources */ = {isa = PBXBuildFile; fileRef = 3DD0A65B20DF99E700D9D18E /* Main.storyboard */; };
		3DD0A65F20DF99E800D9D18E /* Assets.xcassets in Resources */ = {isa = PBXBuildFile; fileRef = 3DD0A65E20DF99E800D9D18E /* Assets.xcassets */; };
		3DD0A66220DF99E800D9D18E /* LaunchScreen.storyboard in Resources */ = {isa = PBXBuildFile; fileRef = 3DD0A66020DF99E800D9D18E /* LaunchScreen.storyboard */; };
		BFC3F9052C9E97A2362278DD /* Pods_KechingramMessenger.framework in Frameworks */ = {isa = PBXBuildFile; fileRef = 05D53E14E921167706A4CB52 /* Pods_KechingramMessenger.framework */; };
/* End PBXBuildFile section */

/* Begin PBXFileReference section */
		05D53E14E921167706A4CB52 /* Pods_KechingramMessenger.framework */ = {isa = PBXFileReference; explicitFileType = wrapper.framework; includeInIndex = 0; path = Pods_KechingramMessenger.framework; sourceTree = BUILT_PRODUCTS_DIR; };
		201A78AE978059B3498E8632 /* Pods-KechingramMessenger.debug.xcconfig */ = {isa = PBXFileReference; includeInIndex = 1; lastKnownFileType = text.xcconfig; name = "Pods-KechingramMessenger.debug.xcconfig"; path = "Pods/Target Support Files/Pods-KechingramMessenger/Pods-KechingramMessenger.debug.xcconfig"; sourceTree = "<group>"; };
		3D2677F9210356A000A9F368 /* SearchBar.swift */ = {isa = PBXFileReference; lastKnownFileType = sourcecode.swift; path = SearchBar.swift; sourceTree = "<group>"; };
		3D2677FB2104A8A300A9F368 /* SearchResultCell.swift */ = {isa = PBXFileReference; lastKnownFileType = sourcecode.swift; path = SearchResultCell.swift; sourceTree = "<group>"; };
		3D2677FD2105CB6A00A9F368 /* ChatsView.swift */ = {isa = PBXFileReference; lastKnownFileType = sourcecode.swift; path = ChatsView.swift; sourceTree = "<group>"; };
		3D3539EF20DFA9FD0039A6B2 /* LoginViewController.swift */ = {isa = PBXFileReference; lastKnownFileType = sourcecode.swift; path = LoginViewController.swift; sourceTree = "<group>"; };
		3D3539F220DFBF8C0039A6B2 /* LoginView.swift */ = {isa = PBXFileReference; lastKnownFileType = sourcecode.swift; path = LoginView.swift; sourceTree = "<group>"; };
		3D3539F520E154A20039A6B2 /* OpenSans-Regular.ttf */ = {isa = PBXFileReference; lastKnownFileType = file; path = "OpenSans-Regular.ttf"; sourceTree = "<group>"; };
		3D3539F720E248B60039A6B2 /* GoogleService-Info.plist */ = {isa = PBXFileReference; fileEncoding = 4; lastKnownFileType = text.plist.xml; path = "GoogleService-Info.plist"; sourceTree = "<group>"; };
		3D3539FA20E28F5A0039A6B2 /* LoginViewExtensions.swift */ = {isa = PBXFileReference; lastKnownFileType = sourcecode.swift; path = LoginViewExtensions.swift; sourceTree = "<group>"; };
		3D353A0020E3A6760039A6B2 /* UserChatsController.swift */ = {isa = PBXFileReference; lastKnownFileType = sourcecode.swift; path = UserChatsController.swift; sourceTree = "<group>"; };
		3D353A0220E3DD660039A6B2 /* TableViewBackground.swift */ = {isa = PBXFileReference; lastKnownFileType = sourcecode.swift; path = TableViewBackground.swift; sourceTree = "<group>"; };
		3D353A0520E3FBC60039A6B2 /* DatabaseManager.swift */ = {isa = PBXFileReference; lastKnownFileType = sourcecode.swift; path = DatabaseManager.swift; sourceTree = "<group>"; };
		3D83934D20FF6F6000FAA1B5 /* MessageBubbleCell.swift */ = {isa = PBXFileReference; lastKnownFileType = sourcecode.swift; path = MessageBubbleCell.swift; sourceTree = "<group>"; };
		3D83934F2100E89500FAA1B5 /* KeyboardView.swift */ = {isa = PBXFileReference; lastKnownFileType = sourcecode.swift; path = KeyboardView.swift; sourceTree = "<group>"; };
		3D8A7C9F20E52F4300EADDBC /* UserProfile.swift */ = {isa = PBXFileReference; lastKnownFileType = sourcecode.swift; path = UserProfile.swift; sourceTree = "<group>"; };
		3D8A7CA220E54BED00EADDBC /* ChatTableViewCell.swift */ = {isa = PBXFileReference; lastKnownFileType = sourcecode.swift; path = ChatTableViewCell.swift; sourceTree = "<group>"; };
		3D8A7CA420E54CF900EADDBC /* OpenSans-Bold.ttf */ = {isa = PBXFileReference; lastKnownFileType = file; path = "OpenSans-Bold.ttf"; sourceTree = "<group>"; };
		3D8A7CA920E6267500EADDBC /* CurrentChatController.swift */ = {isa = PBXFileReference; lastKnownFileType = sourcecode.swift; path = CurrentChatController.swift; sourceTree = "<group>"; };
		3D8A7CAB20E66AB600EADDBC /* Message.swift */ = {isa = PBXFileReference; lastKnownFileType = sourcecode.swift; path = Message.swift; sourceTree = "<group>"; };
		3D8A7CAF20E8FE5600EADDBC /* Chat.swift */ = {isa = PBXFileReference; lastKnownFileType = sourcecode.swift; path = Chat.swift; sourceTree = "<group>"; };
		3DCD16C820FE417700A09CF8 /* ThreadSafeArray.swift */ = {isa = PBXFileReference; lastKnownFileType = sourcecode.swift; path = ThreadSafeArray.swift; sourceTree = "<group>"; };
		3DD0A65420DF99E700D9D18E /* KechingramMessenger.app */ = {isa = PBXFileReference; explicitFileType = wrapper.application; includeInIndex = 0; path = KechingramMessenger.app; sourceTree = BUILT_PRODUCTS_DIR; };
		3DD0A65720DF99E700D9D18E /* AppDelegate.swift */ = {isa = PBXFileReference; lastKnownFileType = sourcecode.swift; path = AppDelegate.swift; sourceTree = "<group>"; };
		3DD0A65C20DF99E700D9D18E /* Base */ = {isa = PBXFileReference; lastKnownFileType = file.storyboard; name = Base; path = Base.lproj/Main.storyboard; sourceTree = "<group>"; };
		3DD0A65E20DF99E800D9D18E /* Assets.xcassets */ = {isa = PBXFileReference; lastKnownFileType = folder.assetcatalog; path = Assets.xcassets; sourceTree = "<group>"; };
		3DD0A66120DF99E800D9D18E /* Base */ = {isa = PBXFileReference; lastKnownFileType = file.storyboard; name = Base; path = Base.lproj/LaunchScreen.storyboard; sourceTree = "<group>"; };
		3DD0A66320DF99E800D9D18E /* Info.plist */ = {isa = PBXFileReference; lastKnownFileType = text.plist.xml; path = Info.plist; sourceTree = "<group>"; };
		EA72BA30E4F9EC39E663510B /* Pods-KechingramMessenger.release.xcconfig */ = {isa = PBXFileReference; includeInIndex = 1; lastKnownFileType = text.xcconfig; name = "Pods-KechingramMessenger.release.xcconfig"; path = "Pods/Target Support Files/Pods-KechingramMessenger/Pods-KechingramMessenger.release.xcconfig"; sourceTree = "<group>"; };
/* End PBXFileReference section */

/* Begin PBXFrameworksBuildPhase section */
		3DD0A65120DF99E700D9D18E /* Frameworks */ = {
			isa = PBXFrameworksBuildPhase;
			buildActionMask = 2147483647;
			files = (
				BFC3F9052C9E97A2362278DD /* Pods_KechingramMessenger.framework in Frameworks */,
			);
			runOnlyForDeploymentPostprocessing = 0;
		};
/* End PBXFrameworksBuildPhase section */

/* Begin PBXGroup section */
		3D3539ED20DFA9B40039A6B2 /* Login */ = {
			isa = PBXGroup;
			children = (
				3D3539F120DFBF6A0039A6B2 /* LoginView */,
				3D3539EE20DFA9DF0039A6B2 /* LoginViewController */,
			);
			path = Login;
			sourceTree = "<group>";
		};
		3D3539EE20DFA9DF0039A6B2 /* LoginViewController */ = {
			isa = PBXGroup;
			children = (
				3D3539EF20DFA9FD0039A6B2 /* LoginViewController.swift */,
			);
			path = LoginViewController;
			sourceTree = "<group>";
		};
		3D3539F120DFBF6A0039A6B2 /* LoginView */ = {
			isa = PBXGroup;
			children = (
				3D3539F220DFBF8C0039A6B2 /* LoginView.swift */,
				3D3539FA20E28F5A0039A6B2 /* LoginViewExtensions.swift */,
			);
			path = LoginView;
			sourceTree = "<group>";
		};
		3D3539F420E154A20039A6B2 /* Fonts */ = {
			isa = PBXGroup;
			children = (
				3D8A7CA420E54CF900EADDBC /* OpenSans-Bold.ttf */,
				3D3539F520E154A20039A6B2 /* OpenSans-Regular.ttf */,
			);
			path = Fonts;
			sourceTree = SOURCE_ROOT;
		};
		3D3539F920E278B30039A6B2 /* UserChats */ = {
			isa = PBXGroup;
			children = (
				3D3539FF20E3A6310039A6B2 /* UserChatsModel */,
				3D3539FE20E3A61F0039A6B2 /* UserChatsView */,
				3D3539FD20E3A5FF0039A6B2 /* UserChatsController */,
			);
			path = UserChats;
			sourceTree = "<group>";
		};
		3D3539FC20E3A5F10039A6B2 /* CurrentChat */ = {
			isa = PBXGroup;
			children = (
				3D83934C20FF6EFF00FAA1B5 /* CurrentChatView */,
				3D8A7CA620E6219200EADDBC /* CurrentChatController */,
			);
			path = CurrentChat;
			sourceTree = "<group>";
		};
		3D3539FD20E3A5FF0039A6B2 /* UserChatsController */ = {
			isa = PBXGroup;
			children = (
				3D353A0020E3A6760039A6B2 /* UserChatsController.swift */,
			);
			path = UserChatsController;
			sourceTree = "<group>";
		};
		3D3539FE20E3A61F0039A6B2 /* UserChatsView */ = {
			isa = PBXGroup;
			children = (
				3D353A0220E3DD660039A6B2 /* TableViewBackground.swift */,
				3D8A7CA220E54BED00EADDBC /* ChatTableViewCell.swift */,
				3D2677F9210356A000A9F368 /* SearchBar.swift */,
				3D2677FB2104A8A300A9F368 /* SearchResultCell.swift */,
				3D2677FD2105CB6A00A9F368 /* ChatsView.swift */,
			);
			path = UserChatsView;
			sourceTree = "<group>";
		};
		3D3539FF20E3A6310039A6B2 /* UserChatsModel */ = {
			isa = PBXGroup;
			children = (
				3D8A7C9F20E52F4300EADDBC /* UserProfile.swift */,
				3D8A7CAB20E66AB600EADDBC /* Message.swift */,
				3D8A7CAF20E8FE5600EADDBC /* Chat.swift */,
				3DCD16C820FE417700A09CF8 /* ThreadSafeArray.swift */,
			);
			path = UserChatsModel;
			sourceTree = "<group>";
		};
		3D353A0420E3ED650039A6B2 /* NetworkManagers */ = {
			isa = PBXGroup;
			children = (
				3D353A0520E3FBC60039A6B2 /* DatabaseManager.swift */,
			);
			path = NetworkManagers;
			sourceTree = "<group>";
		};
		3D83934C20FF6EFF00FAA1B5 /* CurrentChatView */ = {
			isa = PBXGroup;
			children = (
				3D83934D20FF6F6000FAA1B5 /* MessageBubbleCell.swift */,
				3D83934F2100E89500FAA1B5 /* KeyboardView.swift */,
			);
			path = CurrentChatView;
			sourceTree = "<group>";
		};
		3D8A7CA620E6219200EADDBC /* CurrentChatController */ = {
			isa = PBXGroup;
			children = (
				3D8A7CA920E6267500EADDBC /* CurrentChatController.swift */,
			);
			path = CurrentChatController;
			sourceTree = "<group>";
		};
		3DD0A64B20DF99E700D9D18E = {
			isa = PBXGroup;
			children = (
				3DD0A65620DF99E700D9D18E /* KechingramMessenger */,
				3DD0A65520DF99E700D9D18E /* Products */,
				73AB7D489FD8A599E119197F /* Pods */,
				4B7304E3649431079840939A /* Frameworks */,
			);
			sourceTree = "<group>";
		};
		3DD0A65520DF99E700D9D18E /* Products */ = {
			isa = PBXGroup;
			children = (
				3DD0A65420DF99E700D9D18E /* KechingramMessenger.app */,
			);
			name = Products;
			sourceTree = "<group>";
		};
		3DD0A65620DF99E700D9D18E /* KechingramMessenger */ = {
			isa = PBXGroup;
			children = (
				3D353A0420E3ED650039A6B2 /* NetworkManagers */,
				3D3539FC20E3A5F10039A6B2 /* CurrentChat */,
				3D3539F920E278B30039A6B2 /* UserChats */,
				3D3539ED20DFA9B40039A6B2 /* Login */,
				3DD0A65720DF99E700D9D18E /* AppDelegate.swift */,
				3DD0A65B20DF99E700D9D18E /* Main.storyboard */,
				3DD0A65E20DF99E800D9D18E /* Assets.xcassets */,
				3DD0A66020DF99E800D9D18E /* LaunchScreen.storyboard */,
				3DD0A66320DF99E800D9D18E /* Info.plist */,
				3D3539F720E248B60039A6B2 /* GoogleService-Info.plist */,
				3D3539F420E154A20039A6B2 /* Fonts */,
			);
			path = KechingramMessenger;
			sourceTree = "<group>";
		};
		4B7304E3649431079840939A /* Frameworks */ = {
			isa = PBXGroup;
			children = (
				05D53E14E921167706A4CB52 /* Pods_KechingramMessenger.framework */,
			);
			name = Frameworks;
			sourceTree = "<group>";
		};
		73AB7D489FD8A599E119197F /* Pods */ = {
			isa = PBXGroup;
			children = (
				201A78AE978059B3498E8632 /* Pods-KechingramMessenger.debug.xcconfig */,
				EA72BA30E4F9EC39E663510B /* Pods-KechingramMessenger.release.xcconfig */,
			);
			name = Pods;
			sourceTree = "<group>";
		};
/* End PBXGroup section */

/* Begin PBXNativeTarget section */
		3DD0A65320DF99E700D9D18E /* KechingramMessenger */ = {
			isa = PBXNativeTarget;
			buildConfigurationList = 3DD0A66620DF99E800D9D18E /* Build configuration list for PBXNativeTarget "KechingramMessenger" */;
			buildPhases = (
				19D4BA9C3233ED9F293D0B62 /* [CP] Check Pods Manifest.lock */,
				3DD0A65020DF99E700D9D18E /* Sources */,
				3DD0A65120DF99E700D9D18E /* Frameworks */,
				3DD0A65220DF99E700D9D18E /* Resources */,
				42963AE3BE98D9C0FE18C389 /* [CP] Embed Pods Frameworks */,
				4DC964E82128700F696FF8DC /* [CP] Copy Pods Resources */,
			);
			buildRules = (
			);
			dependencies = (
			);
			name = KechingramMessenger;
			productName = KechingramMessenger;
			productReference = 3DD0A65420DF99E700D9D18E /* KechingramMessenger.app */;
			productType = "com.apple.product-type.application";
		};
/* End PBXNativeTarget section */

/* Begin PBXProject section */
		3DD0A64C20DF99E700D9D18E /* Project object */ = {
			isa = PBXProject;
			attributes = {
				LastSwiftUpdateCheck = 0930;
				LastUpgradeCheck = 0930;
				ORGANIZATIONNAME = "Nikita Kechinov";
				TargetAttributes = {
					3DD0A65320DF99E700D9D18E = {
						CreatedOnToolsVersion = 9.3;
					};
				};
			};
			buildConfigurationList = 3DD0A64F20DF99E700D9D18E /* Build configuration list for PBXProject "KechingramMessenger" */;
			compatibilityVersion = "Xcode 9.3";
			developmentRegion = en;
			hasScannedForEncodings = 0;
			knownRegions = (
				en,
				Base,
			);
			mainGroup = 3DD0A64B20DF99E700D9D18E;
			productRefGroup = 3DD0A65520DF99E700D9D18E /* Products */;
			projectDirPath = "";
			projectRoot = "";
			targets = (
				3DD0A65320DF99E700D9D18E /* KechingramMessenger */,
			);
		};
/* End PBXProject section */

/* Begin PBXResourcesBuildPhase section */
		3DD0A65220DF99E700D9D18E /* Resources */ = {
			isa = PBXResourcesBuildPhase;
			buildActionMask = 2147483647;
			files = (
				3DD0A66220DF99E800D9D18E /* LaunchScreen.storyboard in Resources */,
				3DD0A65F20DF99E800D9D18E /* Assets.xcassets in Resources */,
				3D8A7CA520E54CF900EADDBC /* OpenSans-Bold.ttf in Resources */,
				3D3539F820E248B60039A6B2 /* GoogleService-Info.plist in Resources */,
				3D3539F620E154A20039A6B2 /* OpenSans-Regular.ttf in Resources */,
				3DD0A65D20DF99E700D9D18E /* Main.storyboard in Resources */,
			);
			runOnlyForDeploymentPostprocessing = 0;
		};
/* End PBXResourcesBuildPhase section */

/* Begin PBXShellScriptBuildPhase section */
		19D4BA9C3233ED9F293D0B62 /* [CP] Check Pods Manifest.lock */ = {
			isa = PBXShellScriptBuildPhase;
			buildActionMask = 2147483647;
			files = (
			);
			inputPaths = (
				"${PODS_PODFILE_DIR_PATH}/Podfile.lock",
				"${PODS_ROOT}/Manifest.lock",
			);
			name = "[CP] Check Pods Manifest.lock";
			outputPaths = (
				"$(DERIVED_FILE_DIR)/Pods-KechingramMessenger-checkManifestLockResult.txt",
			);
			runOnlyForDeploymentPostprocessing = 0;
			shellPath = /bin/sh;
			shellScript = "diff \"${PODS_PODFILE_DIR_PATH}/Podfile.lock\" \"${PODS_ROOT}/Manifest.lock\" > /dev/null\nif [ $? != 0 ] ; then\n    # print error to STDERR\n    echo \"error: The sandbox is not in sync with the Podfile.lock. Run 'pod install' or update your CocoaPods installation.\" >&2\n    exit 1\nfi\n# This output is used by Xcode 'outputs' to avoid re-running this script phase.\necho \"SUCCESS\" > \"${SCRIPT_OUTPUT_FILE_0}\"\n";
			showEnvVarsInLog = 0;
		};
		42963AE3BE98D9C0FE18C389 /* [CP] Embed Pods Frameworks */ = {
			isa = PBXShellScriptBuildPhase;
			buildActionMask = 2147483647;
			files = (
			);
			inputPaths = (
				"${SRCROOT}/Pods/Target Support Files/Pods-KechingramMessenger/Pods-KechingramMessenger-frameworks.sh",
				"${BUILT_PRODUCTS_DIR}/GTMSessionFetcher/GTMSessionFetcher.framework",
				"${BUILT_PRODUCTS_DIR}/GoogleToolboxForMac/GoogleToolboxForMac.framework",
				"${BUILT_PRODUCTS_DIR}/leveldb-library/leveldb.framework",
				"${BUILT_PRODUCTS_DIR}/nanopb/nanopb.framework",
			);
			name = "[CP] Embed Pods Frameworks";
			outputPaths = (
				"${TARGET_BUILD_DIR}/${FRAMEWORKS_FOLDER_PATH}/GTMSessionFetcher.framework",
				"${TARGET_BUILD_DIR}/${FRAMEWORKS_FOLDER_PATH}/GoogleToolboxForMac.framework",
				"${TARGET_BUILD_DIR}/${FRAMEWORKS_FOLDER_PATH}/leveldb.framework",
				"${TARGET_BUILD_DIR}/${FRAMEWORKS_FOLDER_PATH}/nanopb.framework",
			);
			runOnlyForDeploymentPostprocessing = 0;
			shellPath = /bin/sh;
			shellScript = "\"${SRCROOT}/Pods/Target Support Files/Pods-KechingramMessenger/Pods-KechingramMessenger-frameworks.sh\"\n";
			showEnvVarsInLog = 0;
		};
		4DC964E82128700F696FF8DC /* [CP] Copy Pods Resources */ = {
			isa = PBXShellScriptBuildPhase;
			buildActionMask = 2147483647;
			files = (
			);
			inputPaths = (
			);
			name = "[CP] Copy Pods Resources";
			outputPaths = (
			);
			runOnlyForDeploymentPostprocessing = 0;
			shellPath = /bin/sh;
			shellScript = "\"${SRCROOT}/Pods/Target Support Files/Pods-KechingramMessenger/Pods-KechingramMessenger-resources.sh\"\n";
			showEnvVarsInLog = 0;
		};
/* End PBXShellScriptBuildPhase section */

/* Begin PBXSourcesBuildPhase section */
		3DD0A65020DF99E700D9D18E /* Sources */ = {
			isa = PBXSourcesBuildPhase;
			buildActionMask = 2147483647;
			files = (
				3D8A7CB020E8FE5600EADDBC /* Chat.swift in Sources */,
				3D353A0120E3A6760039A6B2 /* UserChatsController.swift in Sources */,
				3D3539FB20E28F5A0039A6B2 /* LoginViewExtensions.swift in Sources */,
				3D8393502100E89500FAA1B5 /* KeyboardView.swift in Sources */,
				3D3539F320DFBF8C0039A6B2 /* LoginView.swift in Sources */,
				3DCD16C920FE417700A09CF8 /* ThreadSafeArray.swift in Sources */,
				3D2677FE2105CB6A00A9F368 /* ChatsView.swift in Sources */,
				3D2677FC2104A8A300A9F368 /* SearchResultCell.swift in Sources */,
				3D8A7CAA20E6267500EADDBC /* CurrentChatController.swift in Sources */,
				3D8A7CA320E54BED00EADDBC /* ChatTableViewCell.swift in Sources */,
				3D353A0320E3DD660039A6B2 /* TableViewBackground.swift in Sources */,
				3D8A7CAC20E66AB600EADDBC /* Message.swift in Sources */,
				3D8A7CA020E52F4300EADDBC /* UserProfile.swift in Sources */,
				3D2677FA210356A000A9F368 /* SearchBar.swift in Sources */,
				3D3539F020DFA9FD0039A6B2 /* LoginViewController.swift in Sources */,
				3DD0A65820DF99E700D9D18E /* AppDelegate.swift in Sources */,
				3D353A0620E3FBC60039A6B2 /* DatabaseManager.swift in Sources */,
				3D83934E20FF6F6000FAA1B5 /* MessageBubbleCell.swift in Sources */,
			);
			runOnlyForDeploymentPostprocessing = 0;
		};
/* End PBXSourcesBuildPhase section */

/* Begin PBXVariantGroup section */
		3DD0A65B20DF99E700D9D18E /* Main.storyboard */ = {
			isa = PBXVariantGroup;
			children = (
				3DD0A65C20DF99E700D9D18E /* Base */,
			);
			name = Main.storyboard;
			sourceTree = "<group>";
		};
		3DD0A66020DF99E800D9D18E /* LaunchScreen.storyboard */ = {
			isa = PBXVariantGroup;
			children = (
				3DD0A66120DF99E800D9D18E /* Base */,
			);
			name = LaunchScreen.storyboard;
			sourceTree = "<group>";
		};
/* End PBXVariantGroup section */

/* Begin XCBuildConfiguration section */
		3DD0A66420DF99E800D9D18E /* Debug */ = {
			isa = XCBuildConfiguration;
			buildSettings = {
				ALWAYS_SEARCH_USER_PATHS = NO;
				CLANG_ANALYZER_NONNULL = YES;
				CLANG_ANALYZER_NUMBER_OBJECT_CONVERSION = YES_AGGRESSIVE;
				CLANG_CXX_LANGUAGE_STANDARD = "gnu++14";
				CLANG_CXX_LIBRARY = "libc++";
				CLANG_ENABLE_MODULES = YES;
				CLANG_ENABLE_OBJC_ARC = YES;
				CLANG_ENABLE_OBJC_WEAK = YES;
				CLANG_WARN_BLOCK_CAPTURE_AUTORELEASING = YES;
				CLANG_WARN_BOOL_CONVERSION = YES;
				CLANG_WARN_COMMA = YES;
				CLANG_WARN_CONSTANT_CONVERSION = YES;
				CLANG_WARN_DEPRECATED_OBJC_IMPLEMENTATIONS = YES;
				CLANG_WARN_DIRECT_OBJC_ISA_USAGE = YES_ERROR;
				CLANG_WARN_DOCUMENTATION_COMMENTS = YES;
				CLANG_WARN_EMPTY_BODY = YES;
				CLANG_WARN_ENUM_CONVERSION = YES;
				CLANG_WARN_INFINITE_RECURSION = YES;
				CLANG_WARN_INT_CONVERSION = YES;
				CLANG_WARN_NON_LITERAL_NULL_CONVERSION = YES;
				CLANG_WARN_OBJC_IMPLICIT_RETAIN_SELF = YES;
				CLANG_WARN_OBJC_LITERAL_CONVERSION = YES;
				CLANG_WARN_OBJC_ROOT_CLASS = YES_ERROR;
				CLANG_WARN_RANGE_LOOP_ANALYSIS = YES;
				CLANG_WARN_STRICT_PROTOTYPES = YES;
				CLANG_WARN_SUSPICIOUS_MOVE = YES;
				CLANG_WARN_UNGUARDED_AVAILABILITY = YES_AGGRESSIVE;
				CLANG_WARN_UNREACHABLE_CODE = YES;
				CLANG_WARN__DUPLICATE_METHOD_MATCH = YES;
				CODE_SIGN_IDENTITY = "iPhone Developer";
				COPY_PHASE_STRIP = NO;
				DEBUG_INFORMATION_FORMAT = dwarf;
				ENABLE_STRICT_OBJC_MSGSEND = YES;
				ENABLE_TESTABILITY = YES;
				GCC_C_LANGUAGE_STANDARD = gnu11;
				GCC_DYNAMIC_NO_PIC = NO;
				GCC_NO_COMMON_BLOCKS = YES;
				GCC_OPTIMIZATION_LEVEL = 0;
				GCC_PREPROCESSOR_DEFINITIONS = (
					"DEBUG=1",
					"$(inherited)",
				);
				GCC_WARN_64_TO_32_BIT_CONVERSION = YES;
				GCC_WARN_ABOUT_RETURN_TYPE = YES_ERROR;
				GCC_WARN_UNDECLARED_SELECTOR = YES;
				GCC_WARN_UNINITIALIZED_AUTOS = YES_AGGRESSIVE;
				GCC_WARN_UNUSED_FUNCTION = YES;
				GCC_WARN_UNUSED_VARIABLE = YES;
				IPHONEOS_DEPLOYMENT_TARGET = 11.3;
				MTL_ENABLE_DEBUG_INFO = YES;
				ONLY_ACTIVE_ARCH = YES;
				SDKROOT = iphoneos;
				SWIFT_ACTIVE_COMPILATION_CONDITIONS = DEBUG;
				SWIFT_OPTIMIZATION_LEVEL = "-Onone";
			};
			name = Debug;
		};
		3DD0A66520DF99E800D9D18E /* Release */ = {
			isa = XCBuildConfiguration;
			buildSettings = {
				ALWAYS_SEARCH_USER_PATHS = NO;
				CLANG_ANALYZER_NONNULL = YES;
				CLANG_ANALYZER_NUMBER_OBJECT_CONVERSION = YES_AGGRESSIVE;
				CLANG_CXX_LANGUAGE_STANDARD = "gnu++14";
				CLANG_CXX_LIBRARY = "libc++";
				CLANG_ENABLE_MODULES = YES;
				CLANG_ENABLE_OBJC_ARC = YES;
				CLANG_ENABLE_OBJC_WEAK = YES;
				CLANG_WARN_BLOCK_CAPTURE_AUTORELEASING = YES;
				CLANG_WARN_BOOL_CONVERSION = YES;
				CLANG_WARN_COMMA = YES;
				CLANG_WARN_CONSTANT_CONVERSION = YES;
				CLANG_WARN_DEPRECATED_OBJC_IMPLEMENTATIONS = YES;
				CLANG_WARN_DIRECT_OBJC_ISA_USAGE = YES_ERROR;
				CLANG_WARN_DOCUMENTATION_COMMENTS = YES;
				CLANG_WARN_EMPTY_BODY = YES;
				CLANG_WARN_ENUM_CONVERSION = YES;
				CLANG_WARN_INFINITE_RECURSION = YES;
				CLANG_WARN_INT_CONVERSION = YES;
				CLANG_WARN_NON_LITERAL_NULL_CONVERSION = YES;
				CLANG_WARN_OBJC_IMPLICIT_RETAIN_SELF = YES;
				CLANG_WARN_OBJC_LITERAL_CONVERSION = YES;
				CLANG_WARN_OBJC_ROOT_CLASS = YES_ERROR;
				CLANG_WARN_RANGE_LOOP_ANALYSIS = YES;
				CLANG_WARN_STRICT_PROTOTYPES = YES;
				CLANG_WARN_SUSPICIOUS_MOVE = YES;
				CLANG_WARN_UNGUARDED_AVAILABILITY = YES_AGGRESSIVE;
				CLANG_WARN_UNREACHABLE_CODE = YES;
				CLANG_WARN__DUPLICATE_METHOD_MATCH = YES;
				CODE_SIGN_IDENTITY = "iPhone Developer";
				COPY_PHASE_STRIP = NO;
				DEBUG_INFORMATION_FORMAT = "dwarf-with-dsym";
				ENABLE_NS_ASSERTIONS = NO;
				ENABLE_STRICT_OBJC_MSGSEND = YES;
				GCC_C_LANGUAGE_STANDARD = gnu11;
				GCC_NO_COMMON_BLOCKS = YES;
				GCC_WARN_64_TO_32_BIT_CONVERSION = YES;
				GCC_WARN_ABOUT_RETURN_TYPE = YES_ERROR;
				GCC_WARN_UNDECLARED_SELECTOR = YES;
				GCC_WARN_UNINITIALIZED_AUTOS = YES_AGGRESSIVE;
				GCC_WARN_UNUSED_FUNCTION = YES;
				GCC_WARN_UNUSED_VARIABLE = YES;
				IPHONEOS_DEPLOYMENT_TARGET = 11.3;
				MTL_ENABLE_DEBUG_INFO = NO;
				SDKROOT = iphoneos;
				SWIFT_COMPILATION_MODE = wholemodule;
				SWIFT_OPTIMIZATION_LEVEL = "-O";
				VALIDATE_PRODUCT = YES;
			};
			name = Release;
		};
		3DD0A66720DF99E800D9D18E /* Debug */ = {
			isa = XCBuildConfiguration;
			baseConfigurationReference = 201A78AE978059B3498E8632 /* Pods-KechingramMessenger.debug.xcconfig */;
			buildSettings = {
				ASSETCATALOG_COMPILER_APPICON_NAME = AppIcon;
				CODE_SIGN_STYLE = Automatic;
				DEVELOPMENT_TEAM = 9QD9Y49583;
				INFOPLIST_FILE = KechingramMessenger/Info.plist;
				LD_RUNPATH_SEARCH_PATHS = (
					"$(inherited)",
					"@executable_path/Frameworks",
				);
				PRODUCT_BUNDLE_IDENTIFIER = com.kechin.KechingramMessenger;
				PRODUCT_NAME = "$(TARGET_NAME)";
				SWIFT_VERSION = 4.0;
				TARGETED_DEVICE_FAMILY = "1,2";
			};
			name = Debug;
		};
		3DD0A66820DF99E800D9D18E /* Release */ = {
			isa = XCBuildConfiguration;
			baseConfigurationReference = EA72BA30E4F9EC39E663510B /* Pods-KechingramMessenger.release.xcconfig */;
			buildSettings = {
				ASSETCATALOG_COMPILER_APPICON_NAME = AppIcon;
				CODE_SIGN_STYLE = Automatic;
				DEVELOPMENT_TEAM = 9QD9Y49583;
				INFOPLIST_FILE = KechingramMessenger/Info.plist;
				LD_RUNPATH_SEARCH_PATHS = (
					"$(inherited)",
					"@executable_path/Frameworks",
				);
				PRODUCT_BUNDLE_IDENTIFIER = com.kechin.KechingramMessenger;
				PRODUCT_NAME = "$(TARGET_NAME)";
				SWIFT_VERSION = 4.0;
				TARGETED_DEVICE_FAMILY = "1,2";
			};
			name = Release;
		};
/* End XCBuildConfiguration section */

/* Begin XCConfigurationList section */
		3DD0A64F20DF99E700D9D18E /* Build configuration list for PBXProject "KechingramMessenger" */ = {
			isa = XCConfigurationList;
			buildConfigurations = (
				3DD0A66420DF99E800D9D18E /* Debug */,
				3DD0A66520DF99E800D9D18E /* Release */,
			);
			defaultConfigurationIsVisible = 0;
			defaultConfigurationName = Release;
		};
		3DD0A66620DF99E800D9D18E /* Build configuration list for PBXNativeTarget "KechingramMessenger" */ = {
			isa = XCConfigurationList;
			buildConfigurations = (
				3DD0A66720DF99E800D9D18E /* Debug */,
				3DD0A66820DF99E800D9D18E /* Release */,
			);
			defaultConfigurationIsVisible = 0;
			defaultConfigurationName = Release;
		};
/* End XCConfigurationList section */
	};
	rootObject = 3DD0A64C20DF99E700D9D18E /* Project object */;
}
